
Microsoft Visual Studio Solution File, Format Version 12.00
# Visual Studio 2012
Project("{2150E333-8FDC-42A3-9474-1A3956D46DE8}") = "Creation", "Creation", "{7BE9569A-F017-4128-815C-ECF02B2A942B}"
EndProject
Project("{2150E333-8FDC-42A3-9474-1A3956D46DE8}") = "Singleton", "Singleton", "{1623AB89-5D43-4498-8B23-A9E6BA8515BE}"
EndProject
Project("{FAE04EC0-301F-11D3-BF4B-00C04F79EFBC}") = "Singleton", "Singleton\Singleton.csproj", "{0122315E-017D-44DD-BD24-8C8D24D0D9A1}"
EndProject
Project("{2150E333-8FDC-42A3-9474-1A3956D46DE8}") = "FactoryMethod", "FactoryMethod", "{5E994FED-B8D5-451D-A796-F24FF484C3AB}"
EndProject
Project("{FAE04EC0-301F-11D3-BF4B-00C04F79EFBC}") = "FactoryMethod", "FactoryMethod\FactoryMethod.csproj", "{EA57C2F7-2FFB-48AF-9401-ECDEAFFC82B9}"
EndProject
Project("{2150E333-8FDC-42A3-9474-1A3956D46DE8}") = "Prototype", "Prototype", "{D37C5B06-46E3-4A3D-95D0-E1A05415A856}"
EndProject
Project("{FAE04EC0-301F-11D3-BF4B-00C04F79EFBC}") = "Prototype", "Prototype\Prototype.csproj", "{12752C2E-3AF9-4250-B379-827521F9BC5C}"
EndProject
Project("{2150E333-8FDC-42A3-9474-1A3956D46DE8}") = "AbstractFactory", "AbstractFactory", "{0F411632-234B-463C-98D4-FD9D46CC45B2}"
EndProject
Project("{FAE04EC0-301F-11D3-BF4B-00C04F79EFBC}") = "AbstractFactory", "AbstractFactory\AbstractFactory.csproj", "{58F3D28F-0E17-4526-AC5C-C4AB2196BF6E}"
EndProject
Project("{2150E333-8FDC-42A3-9474-1A3956D46DE8}") = "Builder", "Builder", "{F4ABC98C-0B25-47AA-8957-56889ED8FB33}"
EndProject
Project("{FAE04EC0-301F-11D3-BF4B-00C04F79EFBC}") = "Builder", "Builder\Builder.csproj", "{DFAFA973-2B0D-4555-8B68-BB1209DDF3EE}"
EndProject
Project("{2150E333-8FDC-42A3-9474-1A3956D46DE8}") = "Structural", "Structural", "{3B9BB8B5-D48E-48E2-8C4C-F88EDC8CA68C}"
EndProject
Project("{2150E333-8FDC-42A3-9474-1A3956D46DE8}") = "Adapter", "Adapter", "{CCEA586C-5542-43E9-859A-22A7059EC85B}"
EndProject
Project("{FAE04EC0-301F-11D3-BF4B-00C04F79EFBC}") = "Adapter", "Adapter\Adapter.csproj", "{E2DA10E2-0E97-4F6F-877D-1A3FA1FE9BEF}"
EndProject
Project("{2150E333-8FDC-42A3-9474-1A3956D46DE8}") = "Facade", "Facade", "{377D3C6E-CFEE-4C26-8E1E-92366A31CCC0}"
EndProject
Project("{FAE04EC0-301F-11D3-BF4B-00C04F79EFBC}") = "Facade", "Facade\Facade.csproj", "{BD691FC1-5DA0-4D67-96A1-6A1B8F3BE14B}"
EndProject
Project("{2150E333-8FDC-42A3-9474-1A3956D46DE8}") = "Proxy", "Proxy", "{D4BE1051-48E0-442C-AB35-7736191553CA}"
EndProject
Project("{FAE04EC0-301F-11D3-BF4B-00C04F79EFBC}") = "Proxy", "Proxy\Proxy.csproj", "{3664D8BE-A58E-474F-99EB-6B3305A767FE}"
EndProject
Project("{2150E333-8FDC-42A3-9474-1A3956D46DE8}") = "Decorator", "Decorator", "{850D3843-6AD8-4BEA-91EC-3C6E6F57EA42}"
EndProject
Project("{FAE04EC0-301F-11D3-BF4B-00C04F79EFBC}") = "Decorator", "Decorator\Decorator.csproj", "{6B81B2BC-DC53-46B3-A72C-6E1AA8DBE886}"
EndProject
Project("{2150E333-8FDC-42A3-9474-1A3956D46DE8}") = "Composition", "Composition", "{BA531DC4-8165-4519-8CB8-28DAAC70FB89}"
EndProject
Project("{FAE04EC0-301F-11D3-BF4B-00C04F79EFBC}") = "Composition", "Composition\Composition.csproj", "{6EB52473-6F8F-43E7-A634-771335FB78C6}"
EndProject
Project("{2150E333-8FDC-42A3-9474-1A3956D46DE8}") = "Brige", "Brige", "{049D68C9-2DC9-4C76-BEC4-30773E55F5B1}"
EndProject
Project("{FAE04EC0-301F-11D3-BF4B-00C04F79EFBC}") = "Bridge", "Bridge\Bridge.csproj", "{3AFD6EE2-D539-4514-A4B8-9681C57CE2DB}"
EndProject
Project("{2150E333-8FDC-42A3-9474-1A3956D46DE8}") = "Flyweight", "Flyweight", "{F548DD50-5211-4642-9D08-4CC7D402B6DA}"
EndProject
Project("{FAE04EC0-301F-11D3-BF4B-00C04F79EFBC}") = "Flyweight", "Flyweight\Flyweight.csproj", "{2CB6973B-5D74-478F-8224-369866F2AC4B}"
EndProject
Project("{2150E333-8FDC-42A3-9474-1A3956D46DE8}") = "Behavioral", "Behavioral", "{F7AAEBA6-4706-4897-9A93-DEB2E3146D1E}"
EndProject
Project("{2150E333-8FDC-42A3-9474-1A3956D46DE8}") = "TemplateMethod", "TemplateMethod", "{D3F02F88-0024-45DB-AE2C-4FE060ADCEAD}"
EndProject
Project("{FAE04EC0-301F-11D3-BF4B-00C04F79EFBC}") = "TemplateMethod", "TemplateMethod\TemplateMethod.csproj", "{37445ECD-ED13-4345-AA86-DD3A105C8135}"
EndProject
Project("{2150E333-8FDC-42A3-9474-1A3956D46DE8}") = "Strategy", "Strategy", "{0B8FC517-11E8-4918-94E0-7AA6165D7465}"
EndProject
Project("{FAE04EC0-301F-11D3-BF4B-00C04F79EFBC}") = "Strategy", "Strategy\Strategy.csproj", "{1F5BCAAC-31E6-4C37-9EC6-129F560CF08E}"
EndProject
Project("{2150E333-8FDC-42A3-9474-1A3956D46DE8}") = "State", "State", "{C7C39B05-80B1-4ECE-BAF0-A0DF1E6B957F}"
EndProject
Project("{FAE04EC0-301F-11D3-BF4B-00C04F79EFBC}") = "State", "State\State.csproj", "{90A35AFF-12C6-4016-888F-8835280BEC46}"
EndProject
Project("{2150E333-8FDC-42A3-9474-1A3956D46DE8}") = "Observer", "Observer", "{6D51AB18-62BE-4123-A1A2-979144471FD3}"
EndProject
Project("{FAE04EC0-301F-11D3-BF4B-00C04F79EFBC}") = "Observer", "Observer\Observer.csproj", "{01064B1A-841E-4FFB-963B-CCB92EE68E17}"
EndProject
Project("{2150E333-8FDC-42A3-9474-1A3956D46DE8}") = "ChainOfResponsability", "ChainOfResponsability", "{97E617D1-A886-44F7-9EBF-BC6E26C01CD8}"
EndProject
Project("{FAE04EC0-301F-11D3-BF4B-00C04F79EFBC}") = "ChainOfResponsability", "ChainOfResponsability\ChainOfResponsability.csproj", "{5319EF96-8CB7-4190-B23A-418BD369219E}"
EndProject
Project("{2150E333-8FDC-42A3-9474-1A3956D46DE8}") = "Memento", "Memento", "{C7E7CC2E-50B8-4815-B6CF-E54B25C560C3}"
EndProject
Project("{FAE04EC0-301F-11D3-BF4B-00C04F79EFBC}") = "Memento", "Memento\Memento.csproj", "{A87C4427-2CA4-4ADF-8FA9-78348C217158}"
EndProject
Global
	GlobalSection(SolutionConfigurationPlatforms) = preSolution
		Debug|x86 = Debug|x86
		Release|x86 = Release|x86
	EndGlobalSection
	GlobalSection(ProjectConfigurationPlatforms) = postSolution
		{0122315E-017D-44DD-BD24-8C8D24D0D9A1}.Debug|x86.ActiveCfg = Debug|x86
		{0122315E-017D-44DD-BD24-8C8D24D0D9A1}.Debug|x86.Build.0 = Debug|x86
		{0122315E-017D-44DD-BD24-8C8D24D0D9A1}.Release|x86.ActiveCfg = Release|x86
		{0122315E-017D-44DD-BD24-8C8D24D0D9A1}.Release|x86.Build.0 = Release|x86
		{EA57C2F7-2FFB-48AF-9401-ECDEAFFC82B9}.Debug|x86.ActiveCfg = Debug|x86
		{EA57C2F7-2FFB-48AF-9401-ECDEAFFC82B9}.Debug|x86.Build.0 = Debug|x86
		{EA57C2F7-2FFB-48AF-9401-ECDEAFFC82B9}.Release|x86.ActiveCfg = Release|x86
		{EA57C2F7-2FFB-48AF-9401-ECDEAFFC82B9}.Release|x86.Build.0 = Release|x86
		{12752C2E-3AF9-4250-B379-827521F9BC5C}.Debug|x86.ActiveCfg = Debug|x86
		{12752C2E-3AF9-4250-B379-827521F9BC5C}.Debug|x86.Build.0 = Debug|x86
		{12752C2E-3AF9-4250-B379-827521F9BC5C}.Release|x86.ActiveCfg = Release|x86
		{12752C2E-3AF9-4250-B379-827521F9BC5C}.Release|x86.Build.0 = Release|x86
		{58F3D28F-0E17-4526-AC5C-C4AB2196BF6E}.Debug|x86.ActiveCfg = Debug|x86
		{58F3D28F-0E17-4526-AC5C-C4AB2196BF6E}.Debug|x86.Build.0 = Debug|x86
		{58F3D28F-0E17-4526-AC5C-C4AB2196BF6E}.Release|x86.ActiveCfg = Release|x86
		{58F3D28F-0E17-4526-AC5C-C4AB2196BF6E}.Release|x86.Build.0 = Release|x86
		{DFAFA973-2B0D-4555-8B68-BB1209DDF3EE}.Debug|x86.ActiveCfg = Debug|x86
		{DFAFA973-2B0D-4555-8B68-BB1209DDF3EE}.Debug|x86.Build.0 = Debug|x86
		{DFAFA973-2B0D-4555-8B68-BB1209DDF3EE}.Release|x86.ActiveCfg = Release|x86
		{DFAFA973-2B0D-4555-8B68-BB1209DDF3EE}.Release|x86.Build.0 = Release|x86
		{3B9BB8B5-D48E-48E2-8C4C-F88EDC8CA68C}.Debug|x86.ActiveCfg = Debug|x86
		{3B9BB8B5-D48E-48E2-8C4C-F88EDC8CA68C}.Debug|x86.Build.0 = Debug|x86
		{3B9BB8B5-D48E-48E2-8C4C-F88EDC8CA68C}.Release|x86.ActiveCfg = Release|x86
		{3B9BB8B5-D48E-48E2-8C4C-F88EDC8CA68C}.Release|x86.Build.0 = Release|x86
		{CCEA586C-5542-43E9-859A-22A7059EC85B}.Debug|x86.ActiveCfg = Debug|x86
		{CCEA586C-5542-43E9-859A-22A7059EC85B}.Debug|x86.Build.0 = Debug|x86
		{CCEA586C-5542-43E9-859A-22A7059EC85B}.Release|x86.ActiveCfg = Release|x86
		{CCEA586C-5542-43E9-859A-22A7059EC85B}.Release|x86.Build.0 = Release|x86
		{E2DA10E2-0E97-4F6F-877D-1A3FA1FE9BEF}.Debug|x86.ActiveCfg = Debug|x86
		{E2DA10E2-0E97-4F6F-877D-1A3FA1FE9BEF}.Debug|x86.Build.0 = Debug|x86
		{E2DA10E2-0E97-4F6F-877D-1A3FA1FE9BEF}.Release|x86.ActiveCfg = Release|x86
		{E2DA10E2-0E97-4F6F-877D-1A3FA1FE9BEF}.Release|x86.Build.0 = Release|x86
		{BD691FC1-5DA0-4D67-96A1-6A1B8F3BE14B}.Debug|x86.ActiveCfg = Debug|x86
		{BD691FC1-5DA0-4D67-96A1-6A1B8F3BE14B}.Debug|x86.Build.0 = Debug|x86
		{BD691FC1-5DA0-4D67-96A1-6A1B8F3BE14B}.Release|x86.ActiveCfg = Release|x86
		{BD691FC1-5DA0-4D67-96A1-6A1B8F3BE14B}.Release|x86.Build.0 = Release|x86
		{3664D8BE-A58E-474F-99EB-6B3305A767FE}.Debug|x86.ActiveCfg = Debug|x86
		{3664D8BE-A58E-474F-99EB-6B3305A767FE}.Debug|x86.Build.0 = Debug|x86
		{3664D8BE-A58E-474F-99EB-6B3305A767FE}.Release|x86.ActiveCfg = Release|x86
		{3664D8BE-A58E-474F-99EB-6B3305A767FE}.Release|x86.Build.0 = Release|x86
		{6B81B2BC-DC53-46B3-A72C-6E1AA8DBE886}.Debug|x86.ActiveCfg = Debug|x86
		{6B81B2BC-DC53-46B3-A72C-6E1AA8DBE886}.Debug|x86.Build.0 = Debug|x86
		{6B81B2BC-DC53-46B3-A72C-6E1AA8DBE886}.Release|x86.ActiveCfg = Release|x86
		{6B81B2BC-DC53-46B3-A72C-6E1AA8DBE886}.Release|x86.Build.0 = Release|x86
		{6EB52473-6F8F-43E7-A634-771335FB78C6}.Debug|x86.ActiveCfg = Debug|x86
		{6EB52473-6F8F-43E7-A634-771335FB78C6}.Debug|x86.Build.0 = Debug|x86
		{6EB52473-6F8F-43E7-A634-771335FB78C6}.Release|x86.ActiveCfg = Release|x86
		{6EB52473-6F8F-43E7-A634-771335FB78C6}.Release|x86.Build.0 = Release|x86
		{3AFD6EE2-D539-4514-A4B8-9681C57CE2DB}.Debug|x86.ActiveCfg = Debug|x86
		{3AFD6EE2-D539-4514-A4B8-9681C57CE2DB}.Debug|x86.Build.0 = Debug|x86
		{3AFD6EE2-D539-4514-A4B8-9681C57CE2DB}.Release|x86.ActiveCfg = Release|x86
		{3AFD6EE2-D539-4514-A4B8-9681C57CE2DB}.Release|x86.Build.0 = Release|x86
		{2CB6973B-5D74-478F-8224-369866F2AC4B}.Debug|x86.ActiveCfg = Debug|x86
		{2CB6973B-5D74-478F-8224-369866F2AC4B}.Debug|x86.Build.0 = Debug|x86
		{2CB6973B-5D74-478F-8224-369866F2AC4B}.Release|x86.ActiveCfg = Release|x86
		{2CB6973B-5D74-478F-8224-369866F2AC4B}.Release|x86.Build.0 = Release|x86
		{37445ECD-ED13-4345-AA86-DD3A105C8135}.Debug|x86.ActiveCfg = Debug|x86
		{37445ECD-ED13-4345-AA86-DD3A105C8135}.Debug|x86.Build.0 = Debug|x86
		{37445ECD-ED13-4345-AA86-DD3A105C8135}.Release|x86.ActiveCfg = Release|x86
		{37445ECD-ED13-4345-AA86-DD3A105C8135}.Release|x86.Build.0 = Release|x86
		{1F5BCAAC-31E6-4C37-9EC6-129F560CF08E}.Debug|x86.ActiveCfg = Debug|x86
		{1F5BCAAC-31E6-4C37-9EC6-129F560CF08E}.Debug|x86.Build.0 = Debug|x86
		{1F5BCAAC-31E6-4C37-9EC6-129F560CF08E}.Release|x86.ActiveCfg = Release|x86
		{1F5BCAAC-31E6-4C37-9EC6-129F560CF08E}.Release|x86.Build.0 = Release|x86
		{90A35AFF-12C6-4016-888F-8835280BEC46}.Debug|x86.ActiveCfg = Debug|x86
		{90A35AFF-12C6-4016-888F-8835280BEC46}.Debug|x86.Build.0 = Debug|x86
		{90A35AFF-12C6-4016-888F-8835280BEC46}.Release|x86.ActiveCfg = Release|x86
		{90A35AFF-12C6-4016-888F-8835280BEC46}.Release|x86.Build.0 = Release|x86
		{01064B1A-841E-4FFB-963B-CCB92EE68E17}.Debug|x86.ActiveCfg = Debug|x86
		{01064B1A-841E-4FFB-963B-CCB92EE68E17}.Debug|x86.Build.0 = Debug|x86
		{01064B1A-841E-4FFB-963B-CCB92EE68E17}.Release|x86.ActiveCfg = Release|x86
		{01064B1A-841E-4FFB-963B-CCB92EE68E17}.Release|x86.Build.0 = Release|x86
		{5319EF96-8CB7-4190-B23A-418BD369219E}.Debug|x86.ActiveCfg = Debug|x86
		{5319EF96-8CB7-4190-B23A-418BD369219E}.Debug|x86.Build.0 = Debug|x86
		{5319EF96-8CB7-4190-B23A-418BD369219E}.Release|x86.ActiveCfg = Release|x86
		{5319EF96-8CB7-4190-B23A-418BD369219E}.Release|x86.Build.0 = Release|x86
		{A87C4427-2CA4-4ADF-8FA9-78348C217158}.Debug|x86.ActiveCfg = Debug|x86
		{A87C4427-2CA4-4ADF-8FA9-78348C217158}.Debug|x86.Build.0 = Debug|x86
		{A87C4427-2CA4-4ADF-8FA9-78348C217158}.Release|x86.ActiveCfg = Release|x86
		{A87C4427-2CA4-4ADF-8FA9-78348C217158}.Release|x86.Build.0 = Release|x86
	EndGlobalSection
	GlobalSection(NestedProjects) = preSolution
		{1623AB89-5D43-4498-8B23-A9E6BA8515BE} = {7BE9569A-F017-4128-815C-ECF02B2A942B}
		{0122315E-017D-44DD-BD24-8C8D24D0D9A1} = {1623AB89-5D43-4498-8B23-A9E6BA8515BE}
		{5E994FED-B8D5-451D-A796-F24FF484C3AB} = {7BE9569A-F017-4128-815C-ECF02B2A942B}
		{EA57C2F7-2FFB-48AF-9401-ECDEAFFC82B9} = {5E994FED-B8D5-451D-A796-F24FF484C3AB}
		{D37C5B06-46E3-4A3D-95D0-E1A05415A856} = {7BE9569A-F017-4128-815C-ECF02B2A942B}
		{12752C2E-3AF9-4250-B379-827521F9BC5C} = {D37C5B06-46E3-4A3D-95D0-E1A05415A856}
		{0F411632-234B-463C-98D4-FD9D46CC45B2} = {7BE9569A-F017-4128-815C-ECF02B2A942B}
		{58F3D28F-0E17-4526-AC5C-C4AB2196BF6E} = {0F411632-234B-463C-98D4-FD9D46CC45B2}
		{F4ABC98C-0B25-47AA-8957-56889ED8FB33} = {7BE9569A-F017-4128-815C-ECF02B2A942B}
		{DFAFA973-2B0D-4555-8B68-BB1209DDF3EE} = {F4ABC98C-0B25-47AA-8957-56889ED8FB33}
		{CCEA586C-5542-43E9-859A-22A7059EC85B} = {3B9BB8B5-D48E-48E2-8C4C-F88EDC8CA68C}
		{E2DA10E2-0E97-4F6F-877D-1A3FA1FE9BEF} = {CCEA586C-5542-43E9-859A-22A7059EC85B}
		{377D3C6E-CFEE-4C26-8E1E-92366A31CCC0} = {3B9BB8B5-D48E-48E2-8C4C-F88EDC8CA68C}
		{BD691FC1-5DA0-4D67-96A1-6A1B8F3BE14B} = {377D3C6E-CFEE-4C26-8E1E-92366A31CCC0}
		{D4BE1051-48E0-442C-AB35-7736191553CA} = {3B9BB8B5-D48E-48E2-8C4C-F88EDC8CA68C}
		{3664D8BE-A58E-474F-99EB-6B3305A767FE} = {D4BE1051-48E0-442C-AB35-7736191553CA}
		{850D3843-6AD8-4BEA-91EC-3C6E6F57EA42} = {3B9BB8B5-D48E-48E2-8C4C-F88EDC8CA68C}
		{6B81B2BC-DC53-46B3-A72C-6E1AA8DBE886} = {850D3843-6AD8-4BEA-91EC-3C6E6F57EA42}
		{BA531DC4-8165-4519-8CB8-28DAAC70FB89} = {3B9BB8B5-D48E-48E2-8C4C-F88EDC8CA68C}
		{6EB52473-6F8F-43E7-A634-771335FB78C6} = {BA531DC4-8165-4519-8CB8-28DAAC70FB89}
		{049D68C9-2DC9-4C76-BEC4-30773E55F5B1} = {3B9BB8B5-D48E-48E2-8C4C-F88EDC8CA68C}
		{3AFD6EE2-D539-4514-A4B8-9681C57CE2DB} = {049D68C9-2DC9-4C76-BEC4-30773E55F5B1}
		{F548DD50-5211-4642-9D08-4CC7D402B6DA} = {3B9BB8B5-D48E-48E2-8C4C-F88EDC8CA68C}
		{2CB6973B-5D74-478F-8224-369866F2AC4B} = {F548DD50-5211-4642-9D08-4CC7D402B6DA}
		{D3F02F88-0024-45DB-AE2C-4FE060ADCEAD} = {F7AAEBA6-4706-4897-9A93-DEB2E3146D1E}
		{37445ECD-ED13-4345-AA86-DD3A105C8135} = {D3F02F88-0024-45DB-AE2C-4FE060ADCEAD}
		{0B8FC517-11E8-4918-94E0-7AA6165D7465} = {F7AAEBA6-4706-4897-9A93-DEB2E3146D1E}
		{1F5BCAAC-31E6-4C37-9EC6-129F560CF08E} = {0B8FC517-11E8-4918-94E0-7AA6165D7465}
		{C7C39B05-80B1-4ECE-BAF0-A0DF1E6B957F} = {F7AAEBA6-4706-4897-9A93-DEB2E3146D1E}
		{90A35AFF-12C6-4016-888F-8835280BEC46} = {C7C39B05-80B1-4ECE-BAF0-A0DF1E6B957F}
		{6D51AB18-62BE-4123-A1A2-979144471FD3} = {F7AAEBA6-4706-4897-9A93-DEB2E3146D1E}
		{01064B1A-841E-4FFB-963B-CCB92EE68E17} = {6D51AB18-62BE-4123-A1A2-979144471FD3}
		{97E617D1-A886-44F7-9EBF-BC6E26C01CD8} = {F7AAEBA6-4706-4897-9A93-DEB2E3146D1E}
		{5319EF96-8CB7-4190-B23A-418BD369219E} = {97E617D1-A886-44F7-9EBF-BC6E26C01CD8}
		{C7E7CC2E-50B8-4815-B6CF-E54B25C560C3} = {F7AAEBA6-4706-4897-9A93-DEB2E3146D1E}
		{A87C4427-2CA4-4ADF-8FA9-78348C217158} = {C7E7CC2E-50B8-4815-B6CF-E54B25C560C3}
	EndGlobalSection
EndGlobal
